
Microsoft Visual Studio Solution File, Format Version 12.00
# Visual Studio Version 16
VisualStudioVersion = 16.0.29911.84
MinimumVisualStudioVersion = 10.0.40219.1
Project("{FAE04EC0-301F-11D3-BF4B-00C04F79EFBC}") = "SkiaExamples.UWP", "SkiaExamples\SkiaExamples.UWP\SkiaExamples.UWP.csproj", "{16CF1206-F05F-4601-9BCB-388D260963CA}"
EndProject
Project("{FAE04EC0-301F-11D3-BF4B-00C04F79EFBC}") = "SkiaExamples.Android", "SkiaExamples\SkiaExamples.Android\SkiaExamples.Android.csproj", "{F8C04BE5-59C7-472E-9A4E-59F184C5F3FA}"
EndProject
Project("{FAE04EC0-301F-11D3-BF4B-00C04F79EFBC}") = "SkiaExamples.iOS", "SkiaExamples\SkiaExamples.iOS\SkiaExamples.iOS.csproj", "{0D4AC022-404B-4A72-BA77-460832609155}"
EndProject
Project("{FAE04EC0-301F-11D3-BF4B-00C04F79EFBC}") = "SkiaExamples", "SkiaExamples\SkiaExamples\SkiaExamples.csproj", "{F29D3F42-949C-40E9-AB0D-725986191A3A}"
EndProject
Global
	GlobalSection(SolutionConfigurationPlatforms) = preSolution
		Debug|Any CPU = Debug|Any CPU
		Debug|ARM = Debug|ARM
		Debug|iPhone = Debug|iPhone
		Debug|iPhoneSimulator = Debug|iPhoneSimulator
		Debug|x64 = Debug|x64
		Debug|x86 = Debug|x86
		Release|Any CPU = Release|Any CPU
		Release|ARM = Release|ARM
		Release|iPhone = Release|iPhone
		Release|iPhoneSimulator = Release|iPhoneSimulator
		Release|x64 = Release|x64
		Release|x86 = Release|x86
	EndGlobalSection
	GlobalSection(ProjectConfigurationPlatforms) = postSolution
		{16CF1206-F05F-4601-9BCB-388D260963CA}.Debug|Any CPU.ActiveCfg = Debug|x86
		{16CF1206-F05F-4601-9BCB-388D260963CA}.Debug|Any CPU.Build.0 = Debug|x86
		{16CF1206-F05F-4601-9BCB-388D260963CA}.Debug|Any CPU.Deploy.0 = Debug|x86
		{16CF1206-F05F-4601-9BCB-388D260963CA}.Debug|ARM.ActiveCfg = Debug|ARM
		{16CF1206-F05F-4601-9BCB-388D260963CA}.Debug|ARM.Build.0 = Debug|ARM
		{16CF1206-F05F-4601-9BCB-388D260963CA}.Debug|ARM.Deploy.0 = Debug|ARM
		{16CF1206-F05F-4601-9BCB-388D260963CA}.Debug|iPhone.ActiveCfg = Debug|x86
		{16CF1206-F05F-4601-9BCB-388D260963CA}.Debug|iPhone.Build.0 = Debug|x86
		{16CF1206-F05F-4601-9BCB-388D260963CA}.Debug|iPhone.Deploy.0 = Debug|x86
		{16CF1206-F05F-4601-9BCB-388D260963CA}.Debug|iPhoneSimulator.ActiveCfg = Debug|x86
		{16CF1206-F05F-4601-9BCB-388D260963CA}.Debug|iPhoneSimulator.Build.0 = Debug|x86
		{16CF1206-F05F-4601-9BCB-388D260963CA}.Debug|iPhoneSimulator.Deploy.0 = Debug|x86
		{16CF1206-F05F-4601-9BCB-388D260963CA}.Debug|x64.ActiveCfg = Debug|x64
		{16CF1206-F05F-4601-9BCB-388D260963CA}.Debug|x64.Build.0 = Debug|x64
		{16CF1206-F05F-4601-9BCB-388D260963CA}.Debug|x64.Deploy.0 = Debug|x64
		{16CF1206-F05F-4601-9BCB-388D260963CA}.Debug|x86.ActiveCfg = Debug|x86
		{16CF1206-F05F-4601-9BCB-388D260963CA}.Debug|x86.Build.0 = Debug|x86
		{16CF1206-F05F-4601-9BCB-388D260963CA}.Debug|x86.Deploy.0 = Debug|x86
		{16CF1206-F05F-4601-9BCB-388D260963CA}.Release|Any CPU.ActiveCfg = Release|x86
		{16CF1206-F05F-4601-9BCB-388D260963CA}.Release|Any CPU.Build.0 = Release|x86
		{16CF1206-F05F-4601-9BCB-388D260963CA}.Release|Any CPU.Deploy.0 = Release|x86
		{16CF1206-F05F-4601-9BCB-388D260963CA}.Release|ARM.ActiveCfg = Release|ARM
		{16CF1206-F05F-4601-9BCB-388D260963CA}.Release|ARM.Build.0 = Release|ARM
		{16CF1206-F05F-4601-9BCB-388D260963CA}.Release|ARM.Deploy.0 = Release|ARM
		{16CF1206-F05F-4601-9BCB-388D260963CA}.Release|iPhone.ActiveCfg = Release|x86
		{16CF1206-F05F-4601-9BCB-388D260963CA}.Release|iPhone.Build.0 = Release|x86
		{16CF1206-F05F-4601-9BCB-388D260963CA}.Release|iPhone.Deploy.0 = Release|x86
		{16CF1206-F05F-4601-9BCB-388D260963CA}.Release|iPhoneSimulator.ActiveCfg = Release|x86
		{16CF1206-F05F-4601-9BCB-388D260963CA}.Release|iPhoneSimulator.Build.0 = Release|x86
		{16CF1206-F05F-4601-9BCB-388D260963CA}.Release|iPhoneSimulator.Deploy.0 = Release|x86
		{16CF1206-F05F-4601-9BCB-388D260963CA}.Release|x64.ActiveCfg = Release|x64
		{16CF1206-F05F-4601-9BCB-388D260963CA}.Release|x64.Build.0 = Release|x64
		{16CF1206-F05F-4601-9BCB-388D260963CA}.Release|x64.Deploy.0 = Release|x64
		{16CF1206-F05F-4601-9BCB-388D260963CA}.Release|x86.ActiveCfg = Release|x86
		{16CF1206-F05F-4601-9BCB-388D260963CA}.Release|x86.Build.0 = Release|x86
		{16CF1206-F05F-4601-9BCB-388D260963CA}.Release|x86.Deploy.0 = Release|x86
		{F8C04BE5-59C7-472E-9A4E-59F184C5F3FA}.Debug|Any CPU.ActiveCfg = Debug|Any CPU
		{F8C04BE5-59C7-472E-9A4E-59F184C5F3FA}.Debug|Any CPU.Build.0 = Debug|Any CPU
		{F8C04BE5-59C7-472E-9A4E-59F184C5F3FA}.Debug|Any CPU.Deploy.0 = Debug|Any CPU
		{F8C04BE5-59C7-472E-9A4E-59F184C5F3FA}.Debug|ARM.ActiveCfg = Debug|Any CPU
		{F8C04BE5-59C7-472E-9A4E-59F184C5F3FA}.Debug|ARM.Build.0 = Debug|Any CPU
		{F8C04BE5-59C7-472E-9A4E-59F184C5F3FA}.Debug|ARM.Deploy.0 = Debug|Any CPU
		{F8C04BE5-59C7-472E-9A4E-59F184C5F3FA}.Debug|iPhone.ActiveCfg = Debug|Any CPU
		{F8C04BE5-59C7-472E-9A4E-59F184C5F3FA}.Debug|iPhone.Build.0 = Debug|Any CPU
		{F8C04BE5-59C7-472E-9A4E-59F184C5F3FA}.Debug|iPhone.Deploy.0 = Debug|Any CPU
		{F8C04BE5-59C7-472E-9A4E-59F184C5F3FA}.Debug|iPhoneSimulator.ActiveCfg = Debug|Any CPU
		{F8C04BE5-59C7-472E-9A4E-59F184C5F3FA}.Debug|iPhoneSimulator.Build.0 = Debug|Any CPU
		{F8C04BE5-59C7-472E-9A4E-59F184C5F3FA}.Debug|iPhoneSimulator.Deploy.0 = Debug|Any CPU
		{F8C04BE5-59C7-472E-9A4E-59F184C5F3FA}.Debug|x64.ActiveCfg = Debug|Any CPU
		{F8C04BE5-59C7-472E-9A4E-59F184C5F3FA}.Debug|x64.Build.0 = Debug|Any CPU
		{F8C04BE5-59C7-472E-9A4E-59F184C5F3FA}.Debug|x64.Deploy.0 = Debug|Any CPU
		{F8C04BE5-59C7-472E-9A4E-59F184C5F3FA}.Debug|x86.ActiveCfg = Debug|Any CPU
		{F8C04BE5-59C7-472E-9A4E-59F184C5F3FA}.Debug|x86.Build.0 = Debug|Any CPU
		{F8C04BE5-59C7-472E-9A4E-59F184C5F3FA}.Debug|x86.Deploy.0 = Debug|Any CPU
		{F8C04BE5-59C7-472E-9A4E-59F184C5F3FA}.Release|Any CPU.ActiveCfg = Release|Any CPU
		{F8C04BE5-59C7-472E-9A4E-59F184C5F3FA}.Release|Any CPU.Build.0 = Release|Any CPU
		{F8C04BE5-59C7-472E-9A4E-59F184C5F3FA}.Release|Any CPU.Deploy.0 = Release|Any CPU
		{F8C04BE5-59C7-472E-9A4E-59F184C5F3FA}.Release|ARM.ActiveCfg = Release|Any CPU
		{F8C04BE5-59C7-472E-9A4E-59F184C5F3FA}.Release|ARM.Build.0 = Release|Any CPU
		{F8C04BE5-59C7-472E-9A4E-59F184C5F3FA}.Release|ARM.Deploy.0 = Release|Any CPU
		{F8C04BE5-59C7-472E-9A4E-59F184C5F3FA}.Release|iPhone.ActiveCfg = Release|Any CPU
		{F8C04BE5-59C7-472E-9A4E-59F184C5F3FA}.Release|iPhone.Build.0 = Release|Any CPU
		{F8C04BE5-59C7-472E-9A4E-59F184C5F3FA}.Release|iPhone.Deploy.0 = Release|Any CPU
		{F8C04BE5-59C7-472E-9A4E-59F184C5F3FA}.Release|iPhoneSimulator.ActiveCfg = Release|Any CPU
		{F8C04BE5-59C7-472E-9A4E-59F184C5F3FA}.Release|iPhoneSimulator.Build.0 = Release|Any CPU
		{F8C04BE5-59C7-472E-9A4E-59F184C5F3FA}.Release|iPhoneSimulator.Deploy.0 = Release|Any CPU
		{F8C04BE5-59C7-472E-9A4E-59F184C5F3FA}.Release|x64.ActiveCfg = Release|Any CPU
		{F8C04BE5-59C7-472E-9A4E-59F184C5F3FA}.Release|x64.Build.0 = Release|Any CPU
		{F8C04BE5-59C7-472E-9A4E-59F184C5F3FA}.Release|x64.Deploy.0 = Release|Any CPU
		{F8C04BE5-59C7-472E-9A4E-59F184C5F3FA}.Release|x86.ActiveCfg = Release|Any CPU
		{F8C04BE5-59C7-472E-9A4E-59F184C5F3FA}.Release|x86.Build.0 = Release|Any CPU
		{F8C04BE5-59C7-472E-9A4E-59F184C5F3FA}.Release|x86.Deploy.0 = Release|Any CPU
		{0D4AC022-404B-4A72-BA77-460832609155}.Debug|Any CPU.ActiveCfg = Debug|iPhone
		{0D4AC022-404B-4A72-BA77-460832609155}.Debug|Any CPU.Build.0 = Debug|iPhone
		{0D4AC022-404B-4A72-BA77-460832609155}.Debug|Any CPU.Deploy.0 = Debug|iPhone
		{0D4AC022-404B-4A72-BA77-460832609155}.Debug|ARM.ActiveCfg = Debug|iPhone
		{0D4AC022-404B-4A72-BA77-460832609155}.Debug|ARM.Build.0 = Debug|iPhone
		{0D4AC022-404B-4A72-BA77-460832609155}.Debug|ARM.Deploy.0 = Debug|iPhone
		{0D4AC022-404B-4A72-BA77-460832609155}.Debug|iPhone.ActiveCfg = Debug|iPhone
		{0D4AC022-404B-4A72-BA77-460832609155}.Debug|iPhone.Build.0 = Debug|iPhone
		{0D4AC022-404B-4A72-BA77-460832609155}.Debug|iPhone.Deploy.0 = Debug|iPhone
		{0D4AC022-404B-4A72-BA77-460832609155}.Debug|iPhoneSimulator.ActiveCfg = Debug|iPhoneSimulator
		{0D4AC022-404B-4A72-BA77-460832609155}.Debug|iPhoneSimulator.Build.0 = Debug|iPhoneSimulator
		{0D4AC022-404B-4A72-BA77-460832609155}.Debug|iPhoneSimulator.Deploy.0 = Debug|iPhoneSimulator
		{0D4AC022-404B-4A72-BA77-460832609155}.Debug|x64.ActiveCfg = Debug|iPhone
		{0D4AC022-404B-4A72-BA77-460832609155}.Debug|x64.Build.0 = Debug|iPhone
		{0D4AC022-404B-4A72-BA77-460832609155}.Debug|x64.Deploy.0 = Debug|iPhone
		{0D4AC022-404B-4A72-BA77-460832609155}.Debug|x86.ActiveCfg = Debug|iPhone
		{0D4AC022-404B-4A72-BA77-460832609155}.Debug|x86.Build.0 = Debug|iPhone
		{0D4AC022-404B-4A72-BA77-460832609155}.Debug|x86.Deploy.0 = Debug|iPhone
		{0D4AC022-404B-4A72-BA77-460832609155}.Release|Any CPU.ActiveCfg = Release|iPhone
		{0D4AC022-404B-4A72-BA77-460832609155}.Release|Any CPU.Build.0 = Release|iPhone
		{0D4AC022-404B-4A72-BA77-460832609155}.Release|Any CPU.Deploy.0 = Release|iPhone
		{0D4AC022-404B-4A72-BA77-460832609155}.Release|ARM.ActiveCfg = Release|iPhone
		{0D4AC022-404B-4A72-BA77-460832609155}.Release|ARM.Build.0 = Release|iPhone
		{0D4AC022-404B-4A72-BA77-460832609155}.Release|ARM.Deploy.0 = Release|iPhone
		{0D4AC022-404B-4A72-BA77-460832609155}.Release|iPhone.ActiveCfg = Release|iPhone
		{0D4AC022-404B-4A72-BA77-460832609155}.Release|iPhone.Build.0 = Release|iPhone
		{0D4AC022-404B-4A72-BA77-460832609155}.Release|iPhone.Deploy.0 = Release|iPhone
		{0D4AC022-404B-4A72-BA77-460832609155}.Release|iPhoneSimulator.ActiveCfg = Release|iPhoneSimulator
		{0D4AC022-404B-4A72-BA77-460832609155}.Release|iPhoneSimulator.Build.0 = Release|iPhoneSimulator
		{0D4AC022-404B-4A72-BA77-460832609155}.Release|iPhoneSimulator.Deploy.0 = Release|iPhoneSimulator
		{0D4AC022-404B-4A72-BA77-460832609155}.Release|x64.ActiveCfg = Release|iPhone
		{0D4AC022-404B-4A72-BA77-460832609155}.Release|x64.Build.0 = Release|iPhone
		{0D4AC022-404B-4A72-BA77-460832609155}.Release|x64.Deploy.0 = Release|iPhone
		{0D4AC022-404B-4A72-BA77-460832609155}.Release|x86.ActiveCfg = Release|iPhone
		{0D4AC022-404B-4A72-BA77-460832609155}.Release|x86.Build.0 = Release|iPhone
		{0D4AC022-404B-4A72-BA77-460832609155}.Release|x86.Deploy.0 = Release|iPhone
		{F29D3F42-949C-40E9-AB0D-725986191A3A}.Debug|Any CPU.ActiveCfg = Debug|Any CPU
		{F29D3F42-949C-40E9-AB0D-725986191A3A}.Debug|Any CPU.Build.0 = Debug|Any CPU
		{F29D3F42-949C-40E9-AB0D-725986191A3A}.Debug|Any CPU.Deploy.0 = Debug|Any CPU
		{F29D3F42-949C-40E9-AB0D-725986191A3A}.Debug|ARM.ActiveCfg = Debug|Any CPU
		{F29D3F42-949C-40E9-AB0D-725986191A3A}.Debug|ARM.Build.0 = Debug|Any CPU
		{F29D3F42-949C-40E9-AB0D-725986191A3A}.Debug|ARM.Deploy.0 = Debug|Any CPU
		{F29D3F42-949C-40E9-AB0D-725986191A3A}.Debug|iPhone.ActiveCfg = Debug|Any CPU
		{F29D3F42-949C-40E9-AB0D-725986191A3A}.Debug|iPhone.Build.0 = Debug|Any CPU
		{F29D3F42-949C-40E9-AB0D-725986191A3A}.Debug|iPhone.Deploy.0 = Debug|Any CPU
		{F29D3F42-949C-40E9-AB0D-725986191A3A}.Debug|iPhoneSimulator.ActiveCfg = Debug|Any CPU
		{F29D3F42-949C-40E9-AB0D-725986191A3A}.Debug|iPhoneSimulator.Build.0 = Debug|Any CPU
		{F29D3F42-949C-40E9-AB0D-725986191A3A}.Debug|iPhoneSimulator.Deploy.0 = Debug|Any CPU
		{F29D3F42-949C-40E9-AB0D-725986191A3A}.Debug|x64.ActiveCfg = Debug|Any CPU
		{F29D3F42-949C-40E9-AB0D-725986191A3A}.Debug|x64.Build.0 = Debug|Any CPU
		{F29D3F42-949C-40E9-AB0D-725986191A3A}.Debug|x64.Deploy.0 = Debug|Any CPU
		{F29D3F42-949C-40E9-AB0D-725986191A3A}.Debug|x86.ActiveCfg = Debug|Any CPU
		{F29D3F42-949C-40E9-AB0D-725986191A3A}.Debug|x86.Build.0 = Debug|Any CPU
		{F29D3F42-949C-40E9-AB0D-725986191A3A}.Debug|x86.Deploy.0 = Debug|Any CPU
		{F29D3F42-949C-40E9-AB0D-725986191A3A}.Release|Any CPU.ActiveCfg = Release|Any CPU
		{F29D3F42-949C-40E9-AB0D-725986191A3A}.Release|Any CPU.Build.0 = Release|Any CPU
		{F29D3F42-949C-40E9-AB0D-725986191A3A}.Release|Any CPU.Deploy.0 = Release|Any CPU
		{F29D3F42-949C-40E9-AB0D-725986191A3A}.Release|ARM.ActiveCfg = Release|Any CPU
		{F29D3F42-949C-40E9-AB0D-725986191A3A}.Release|ARM.Build.0 = Release|Any CPU
		{F29D3F42-949C-40E9-AB0D-725986191A3A}.Release|ARM.Deploy.0 = Release|Any CPU
		{F29D3F42-949C-40E9-AB0D-725986191A3A}.Release|iPhone.ActiveCfg = Release|Any CPU
		{F29D3F42-949C-40E9-AB0D-725986191A3A}.Release|iPhone.Build.0 = Release|Any CPU
		{F29D3F42-949C-40E9-AB0D-725986191A3A}.Release|iPhone.Deploy.0 = Release|Any CPU
		{F29D3F42-949C-40E9-AB0D-725986191A3A}.Release|iPhoneSimulator.ActiveCfg = Release|Any CPU
		{F29D3F42-949C-40E9-AB0D-725986191A3A}.Release|iPhoneSimulator.Build.0 = Release|Any CPU
		{F29D3F42-949C-40E9-AB0D-725986191A3A}.Release|iPhoneSimulator.Deploy.0 = Release|Any CPU
		{F29D3F42-949C-40E9-AB0D-725986191A3A}.Release|x64.ActiveCfg = Release|Any CPU
		{F29D3F42-949C-40E9-AB0D-725986191A3A}.Release|x64.Build.0 = Release|Any CPU
		{F29D3F42-949C-40E9-AB0D-725986191A3A}.Release|x64.Deploy.0 = Release|Any CPU
		{F29D3F42-949C-40E9-AB0D-725986191A3A}.Release|x86.ActiveCfg = Release|Any CPU
		{F29D3F42-949C-40E9-AB0D-725986191A3A}.Release|x86.Build.0 = Release|Any CPU
		{F29D3F42-949C-40E9-AB0D-725986191A3A}.Release|x86.Deploy.0 = Release|Any CPU
	EndGlobalSection
	GlobalSection(SolutionProperties) = preSolution
		HideSolutionNode = FALSE
	EndGlobalSection
	GlobalSection(ExtensibilityGlobals) = postSolution
		SolutionGuid = {19EED3C7-0DAA-4B2B-A6A0-57EB7D8335D0}
	EndGlobalSection
EndGlobal
